
Microsoft Visual Studio Solution File, Format Version 12.00
# Visual Studio Version 17
VisualStudioVersion = 17.9.34723.18
MinimumVisualStudioVersion = 10.0.40219.1
Project("{FAE04EC0-301F-11D3-BF4B-00C04F79EFBC}") = "Assignment1_JoshuaSaetern", "Assignment1_JoshuaSaetern\Assignment1_JoshuaSaetern.csproj", "{805B973B-7730-4690-95C9-344744C4CEA7}"
EndProject
Global
	GlobalSection(SolutionConfigurationPlatforms) = preSolution
		Debug|Any CPU = Debug|Any CPU
		Release|Any CPU = Release|Any CPU
	EndGlobalSection
	GlobalSection(ProjectConfigurationPlatforms) = postSolution
		{805B973B-7730-4690-95C9-344744C4CEA7}.Debug|Any CPU.ActiveCfg = Debug|Any CPU
		{805B973B-7730-4690-95C9-344744C4CEA7}.Debug|Any CPU.Build.0 = Debug|Any CPU
		{805B973B-7730-4690-95C9-344744C4CEA7}.Release|Any CPU.ActiveCfg = Release|Any CPU
		{805B973B-7730-4690-95C9-344744C4CEA7}.Release|Any CPU.Build.0 = Release|Any CPU
	EndGlobalSection
	GlobalSection(SolutionProperties) = preSolution
		HideSolutionNode = FALSE
	EndGlobalSection
	GlobalSection(ExtensibilityGlobals) = postSolution
		SolutionGuid = {FCEA0C3D-230D-48E1-A6EA-DD81C58B684B}
	EndGlobalSection
EndGlobal
